# This file is autogenerated, do not edit; changes may be undone by the next 'dep ensure'.


[[projects]]
  digest = "1:95fd14230b48a74765db94f7064f0b5617f52739a164f6d41e5b57bec5b3ff9b"
  name = "github.com/aws/aws-lambda-go"
  packages = [
    "events",
    "lambda",
    "lambda/handlertrace",
    "lambda/messages",
    "lambdacontext",
  ]
  pruneopts = "UT"
  revision = "08d251dc58f204411d79012fd6f1beefb7107fea"
  version = "v1.10.0"

[[projects]]
  digest = "1:69c0a85d9ab35fdf649f37c256e5aabf4d4a8faabe760eafa31ac8725848683c"
  name = "github.com/aws/aws-sdk-go"
  packages = [
    "aws",
    "aws/awserr",
    "aws/awsutil",
    "aws/client",
    "aws/client/metadata",
    "aws/corehandlers",
    "aws/credentials",
    "aws/credentials/ec2rolecreds",
    "aws/credentials/endpointcreds",
    "aws/credentials/processcreds",
    "aws/credentials/stscreds",
    "aws/csm",
    "aws/defaults",
    "aws/ec2metadata",
    "aws/endpoints",
    "aws/request",
    "aws/session",
    "aws/signer/v4",
    "internal/ini",
    "internal/sdkio",
    "internal/sdkrand",
    "internal/sdkuri",
    "internal/shareddefaults",
    "private/protocol",
    "private/protocol/ec2query",
    "private/protocol/json/jsonutil",
    "private/protocol/jsonrpc",
    "private/protocol/query",
    "private/protocol/query/queryutil",
    "private/protocol/rest",
    "private/protocol/xml/xmlutil",
    "service/autoscaling",
    "service/ec2",
    "service/servicediscovery",
    "service/sts",
  ]
  pruneopts = "UT"
  revision = "98779fb4032754e8d2c6c8ec50c28b215666986d"
  version = "v1.19.35"

[[projects]]
  digest = "1:bb81097a5b62634f3e9fec1014657855610c82d19b9a40c17612e32651e35dca"
  name = "github.com/jmespath/go-jmespath"
  packages = ["."]
  pruneopts = "UT"
  revision = "c2b33e84"

[solve-meta]
  analyzer-name = "dep"
  analyzer-version = 1
  input-imports = [
    "github.com/aws/aws-lambda-go/events",
    "github.com/aws/aws-lambda-go/lambda",
    "github.com/aws/aws-sdk-go/aws/session",
    "github.com/aws/aws-sdk-go/service/autoscaling",
    "github.com/aws/aws-sdk-go/service/ec2",
    "github.com/aws/aws-sdk-go/service/servicediscovery",
  ]
  solver-name = "gps-cdcl"
  solver-version = 1
